
Microsoft Visual Studio Solution File, Format Version 12.00
# Visual Studio Version 16
VisualStudioVersion = 25.0.1706.8
MinimumVisualStudioVersion = 10.0.40219.1
Project("{FAE04EC0-301F-11D3-BF4B-00C04F79EFBC}") = "HW7", "HW7\HW7.csproj", "{282D9285-99CB-481E-BB0A-08498DDC0186}"
EndProject
Global
	GlobalSection(SolutionConfigurationPlatforms) = preSolution
		Debug|Any CPU = Debug|Any CPU
		Release|Any CPU = Release|Any CPU
	EndGlobalSection
	GlobalSection(ProjectConfigurationPlatforms) = postSolution
		{282D9285-99CB-481E-BB0A-08498DDC0186}.Debug|Any CPU.ActiveCfg = Debug|Any CPU
		{282D9285-99CB-481E-BB0A-08498DDC0186}.Debug|Any CPU.Build.0 = Debug|Any CPU
		{282D9285-99CB-481E-BB0A-08498DDC0186}.Release|Any CPU.ActiveCfg = Release|Any CPU
		{282D9285-99CB-481E-BB0A-08498DDC0186}.Release|Any CPU.Build.0 = Release|Any CPU
	EndGlobalSection
	GlobalSection(SolutionProperties) = preSolution
		HideSolutionNode = FALSE
	EndGlobalSection
	GlobalSection(ExtensibilityGlobals) = postSolution
		SolutionGuid = {5BC4BDA0-3C5A-486E-BD12-1B48318CC25B}
	EndGlobalSection
EndGlobal
